{
  "name": "ethscribe-contracts",
  "version": "1.0.0",
  "lockfileVersion": 3,
  "requires": true,
  "packages": {
    "": {
      "name": "ethscribe-contracts",
      "version": "1.0.0",
      "devDependencies": {
        "@openzeppelin/contracts": "5.7.0"
      }
    },
    "node_modules/@openzeppelin/contracts": {
      "version": "5.7.0",
      "resolved": "https://registry.npmjs.org/@openzeppelin/contracts/-/contracts-5.7.0.tgz",
      "integrity": "sha512-IL2AZpI+7THMzt1u6Cxmc1zLwVnudtUGvrqXQ/HnbLKfQ/8dIWMMQPDwPIjRQzNrlAo4cxZaCGRB/XvwPo9ILA==",
      "dev": true,
      "license": "MIT"
    }
  }
}
